
Microsoft Visual Studio Solution File, Format Version 12.00
# Visual Studio Version 16
VisualStudioVersion = 16.0.30503.244
MinimumVisualStudioVersion = 10.0.40219.1
Project("{FAE04EC0-301F-11D3-BF4B-00C04F79EFBC}") = "Advent.2020", "Advent.2020\Advent.2020.csproj", "{A119AC86-BEB4-4B8E-9984-B58B10FD2EA6}"
EndProject
Global
	GlobalSection(SolutionConfigurationPlatforms) = preSolution
		Debug|Any CPU = Debug|Any CPU
		Release|Any CPU = Release|Any CPU
	EndGlobalSection
	GlobalSection(ProjectConfigurationPlatforms) = postSolution
		{A119AC86-BEB4-4B8E-9984-B58B10FD2EA6}.Debug|Any CPU.ActiveCfg = Debug|Any CPU
		{A119AC86-BEB4-4B8E-9984-B58B10FD2EA6}.Debug|Any CPU.Build.0 = Debug|Any CPU
		{A119AC86-BEB4-4B8E-9984-B58B10FD2EA6}.Release|Any CPU.ActiveCfg = Release|Any CPU
		{A119AC86-BEB4-4B8E-9984-B58B10FD2EA6}.Release|Any CPU.Build.0 = Release|Any CPU
	EndGlobalSection
	GlobalSection(SolutionProperties) = preSolution
		HideSolutionNode = FALSE
	EndGlobalSection
	GlobalSection(ExtensibilityGlobals) = postSolution
		SolutionGuid = {741213C1-5192-40CD-8325-EEE72285B1B2}
	EndGlobalSection
EndGlobal
